
Microsoft Visual Studio Solution File, Format Version 12.00
# Visual Studio 15
VisualStudioVersion = 15.0.26228.12
MinimumVisualStudioVersion = 10.0.40219.1
Project("{FAE04EC0-301F-11D3-BF4B-00C04F79EFBC}") = "AspNetIdentity.WebApi", "AspNetIdentity.WebApi\AspNetIdentity.WebApi.csproj", "{29D7C2E8-D844-4670-85CC-BFB2469BD847}"
EndProject
Project("{2150E333-8FDC-42A3-9474-1A3956D46DE8}") = "Web", "Web", "{2BB5C516-D933-427B-9E7C-5D7E9A4D58BE}"
EndProject
Project("{2150E333-8FDC-42A3-9474-1A3956D46DE8}") = "Client", "Client", "{84D38C2F-5BA6-40DE-9F6D-7AF3D2CE14EE}"
EndProject
Project("{FAE04EC0-301F-11D3-BF4B-00C04F79EFBC}") = "Neree.Android", "Neree\Neree.Android\Neree.Android.csproj", "{1EE9766C-D0BD-4DEC-A6C0-6460625A85CA}"
EndProject
Project("{FAE04EC0-301F-11D3-BF4B-00C04F79EFBC}") = "Neree.Pcl", "Neree\Neree\Neree.Pcl.csproj", "{7ED7CC28-2561-44DE-B5EB-41FDC0591681}"
EndProject
Project("{FAE04EC0-301F-11D3-BF4B-00C04F79EFBC}") = "Neree.UWP", "Neree\Neree.UWP\Neree.UWP.csproj", "{EDD4A8DA-84BD-4B27-AEB7-CE7754137C46}"
EndProject
Project("{FAE04EC0-301F-11D3-BF4B-00C04F79EFBC}") = "Neree.iOS", "Neree\Neree.iOS\Neree.iOS.csproj", "{5A34FC7D-28E2-4048-957E-57C68E8BA809}"
EndProject
Global
	GlobalSection(SolutionConfigurationPlatforms) = preSolution
		Ad-Hoc|Any CPU = Ad-Hoc|Any CPU
		Ad-Hoc|ARM = Ad-Hoc|ARM
		Ad-Hoc|iPhone = Ad-Hoc|iPhone
		Ad-Hoc|iPhoneSimulator = Ad-Hoc|iPhoneSimulator
		Ad-Hoc|x64 = Ad-Hoc|x64
		Ad-Hoc|x86 = Ad-Hoc|x86
		AppStore|Any CPU = AppStore|Any CPU
		AppStore|ARM = AppStore|ARM
		AppStore|iPhone = AppStore|iPhone
		AppStore|iPhoneSimulator = AppStore|iPhoneSimulator
		AppStore|x64 = AppStore|x64
		AppStore|x86 = AppStore|x86
		Debug|Any CPU = Debug|Any CPU
		Debug|ARM = Debug|ARM
		Debug|iPhone = Debug|iPhone
		Debug|iPhoneSimulator = Debug|iPhoneSimulator
		Debug|x64 = Debug|x64
		Debug|x86 = Debug|x86
		Release|Any CPU = Release|Any CPU
		Release|ARM = Release|ARM
		Release|iPhone = Release|iPhone
		Release|iPhoneSimulator = Release|iPhoneSimulator
		Release|x64 = Release|x64
		Release|x86 = Release|x86
	EndGlobalSection
	GlobalSection(ProjectConfigurationPlatforms) = postSolution
		{29D7C2E8-D844-4670-85CC-BFB2469BD847}.Ad-Hoc|Any CPU.ActiveCfg = Release|Any CPU
		{29D7C2E8-D844-4670-85CC-BFB2469BD847}.Ad-Hoc|Any CPU.Build.0 = Release|Any CPU
		{29D7C2E8-D844-4670-85CC-BFB2469BD847}.Ad-Hoc|ARM.ActiveCfg = Release|Any CPU
		{29D7C2E8-D844-4670-85CC-BFB2469BD847}.Ad-Hoc|ARM.Build.0 = Release|Any CPU
		{29D7C2E8-D844-4670-85CC-BFB2469BD847}.Ad-Hoc|iPhone.ActiveCfg = Release|Any CPU
		{29D7C2E8-D844-4670-85CC-BFB2469BD847}.Ad-Hoc|iPhone.Build.0 = Release|Any CPU
		{29D7C2E8-D844-4670-85CC-BFB2469BD847}.Ad-Hoc|iPhoneSimulator.ActiveCfg = Release|Any CPU
		{29D7C2E8-D844-4670-85CC-BFB2469BD847}.Ad-Hoc|iPhoneSimulator.Build.0 = Release|Any CPU
		{29D7C2E8-D844-4670-85CC-BFB2469BD847}.Ad-Hoc|x64.ActiveCfg = Release|Any CPU
		{29D7C2E8-D844-4670-85CC-BFB2469BD847}.Ad-Hoc|x64.Build.0 = Release|Any CPU
		{29D7C2E8-D844-4670-85CC-BFB2469BD847}.Ad-Hoc|x86.ActiveCfg = Release|Any CPU
		{29D7C2E8-D844-4670-85CC-BFB2469BD847}.Ad-Hoc|x86.Build.0 = Release|Any CPU
		{29D7C2E8-D844-4670-85CC-BFB2469BD847}.AppStore|Any CPU.ActiveCfg = Release|Any CPU
		{29D7C2E8-D844-4670-85CC-BFB2469BD847}.AppStore|Any CPU.Build.0 = Release|Any CPU
		{29D7C2E8-D844-4670-85CC-BFB2469BD847}.AppStore|ARM.ActiveCfg = Release|Any CPU
		{29D7C2E8-D844-4670-85CC-BFB2469BD847}.AppStore|ARM.Build.0 = Release|Any CPU
		{29D7C2E8-D844-4670-85CC-BFB2469BD847}.AppStore|iPhone.ActiveCfg = Release|Any CPU
		{29D7C2E8-D844-4670-85CC-BFB2469BD847}.AppStore|iPhone.Build.0 = Release|Any CPU
		{29D7C2E8-D844-4670-85CC-BFB2469BD847}.AppStore|iPhoneSimulator.ActiveCfg = Release|Any CPU
		{29D7C2E8-D844-4670-85CC-BFB2469BD847}.AppStore|iPhoneSimulator.Build.0 = Release|Any CPU
		{29D7C2E8-D844-4670-85CC-BFB2469BD847}.AppStore|x64.ActiveCfg = Release|Any CPU
		{29D7C2E8-D844-4670-85CC-BFB2469BD847}.AppStore|x64.Build.0 = Release|Any CPU
		{29D7C2E8-D844-4670-85CC-BFB2469BD847}.AppStore|x86.ActiveCfg = Release|Any CPU
		{29D7C2E8-D844-4670-85CC-BFB2469BD847}.AppStore|x86.Build.0 = Release|Any CPU
		{29D7C2E8-D844-4670-85CC-BFB2469BD847}.Debug|Any CPU.ActiveCfg = Debug|Any CPU
		{29D7C2E8-D844-4670-85CC-BFB2469BD847}.Debug|Any CPU.Build.0 = Debug|Any CPU
		{29D7C2E8-D844-4670-85CC-BFB2469BD847}.Debug|ARM.ActiveCfg = Debug|Any CPU
		{29D7C2E8-D844-4670-85CC-BFB2469BD847}.Debug|ARM.Build.0 = Debug|Any CPU
		{29D7C2E8-D844-4670-85CC-BFB2469BD847}.Debug|iPhone.ActiveCfg = Debug|Any CPU
		{29D7C2E8-D844-4670-85CC-BFB2469BD847}.Debug|iPhone.Build.0 = Debug|Any CPU
		{29D7C2E8-D844-4670-85CC-BFB2469BD847}.Debug|iPhoneSimulator.ActiveCfg = Debug|Any CPU
		{29D7C2E8-D844-4670-85CC-BFB2469BD847}.Debug|iPhoneSimulator.Build.0 = Debug|Any CPU
		{29D7C2E8-D844-4670-85CC-BFB2469BD847}.Debug|x64.ActiveCfg = Debug|Any CPU
		{29D7C2E8-D844-4670-85CC-BFB2469BD847}.Debug|x64.Build.0 = Debug|Any CPU
		{29D7C2E8-D844-4670-85CC-BFB2469BD847}.Debug|x86.ActiveCfg = Debug|Any CPU
		{29D7C2E8-D844-4670-85CC-BFB2469BD847}.Debug|x86.Build.0 = Debug|Any CPU
		{29D7C2E8-D844-4670-85CC-BFB2469BD847}.Release|Any CPU.ActiveCfg = Release|Any CPU
		{29D7C2E8-D844-4670-85CC-BFB2469BD847}.Release|Any CPU.Build.0 = Release|Any CPU
		{29D7C2E8-D844-4670-85CC-BFB2469BD847}.Release|ARM.ActiveCfg = Release|Any CPU
		{29D7C2E8-D844-4670-85CC-BFB2469BD847}.Release|ARM.Build.0 = Release|Any CPU
		{29D7C2E8-D844-4670-85CC-BFB2469BD847}.Release|iPhone.ActiveCfg = Release|Any CPU
		{29D7C2E8-D844-4670-85CC-BFB2469BD847}.Release|iPhone.Build.0 = Release|Any CPU
		{29D7C2E8-D844-4670-85CC-BFB2469BD847}.Release|iPhoneSimulator.ActiveCfg = Release|Any CPU
		{29D7C2E8-D844-4670-85CC-BFB2469BD847}.Release|iPhoneSimulator.Build.0 = Release|Any CPU
		{29D7C2E8-D844-4670-85CC-BFB2469BD847}.Release|x64.ActiveCfg = Release|Any CPU
		{29D7C2E8-D844-4670-85CC-BFB2469BD847}.Release|x64.Build.0 = Release|Any CPU
		{29D7C2E8-D844-4670-85CC-BFB2469BD847}.Release|x86.ActiveCfg = Release|Any CPU
		{29D7C2E8-D844-4670-85CC-BFB2469BD847}.Release|x86.Build.0 = Release|Any CPU
		{1EE9766C-D0BD-4DEC-A6C0-6460625A85CA}.Ad-Hoc|Any CPU.ActiveCfg = Release|Any CPU
		{1EE9766C-D0BD-4DEC-A6C0-6460625A85CA}.Ad-Hoc|Any CPU.Build.0 = Release|Any CPU
		{1EE9766C-D0BD-4DEC-A6C0-6460625A85CA}.Ad-Hoc|Any CPU.Deploy.0 = Release|Any CPU
		{1EE9766C-D0BD-4DEC-A6C0-6460625A85CA}.Ad-Hoc|ARM.ActiveCfg = Release|Any CPU
		{1EE9766C-D0BD-4DEC-A6C0-6460625A85CA}.Ad-Hoc|ARM.Build.0 = Release|Any CPU
		{1EE9766C-D0BD-4DEC-A6C0-6460625A85CA}.Ad-Hoc|ARM.Deploy.0 = Release|Any CPU
		{1EE9766C-D0BD-4DEC-A6C0-6460625A85CA}.Ad-Hoc|iPhone.ActiveCfg = Release|Any CPU
		{1EE9766C-D0BD-4DEC-A6C0-6460625A85CA}.Ad-Hoc|iPhone.Build.0 = Release|Any CPU
		{1EE9766C-D0BD-4DEC-A6C0-6460625A85CA}.Ad-Hoc|iPhone.Deploy.0 = Release|Any CPU
		{1EE9766C-D0BD-4DEC-A6C0-6460625A85CA}.Ad-Hoc|iPhoneSimulator.ActiveCfg = Release|Any CPU
		{1EE9766C-D0BD-4DEC-A6C0-6460625A85CA}.Ad-Hoc|iPhoneSimulator.Build.0 = Release|Any CPU
		{1EE9766C-D0BD-4DEC-A6C0-6460625A85CA}.Ad-Hoc|iPhoneSimulator.Deploy.0 = Release|Any CPU
		{1EE9766C-D0BD-4DEC-A6C0-6460625A85CA}.Ad-Hoc|x64.ActiveCfg = Release|Any CPU
		{1EE9766C-D0BD-4DEC-A6C0-6460625A85CA}.Ad-Hoc|x64.Build.0 = Release|Any CPU
		{1EE9766C-D0BD-4DEC-A6C0-6460625A85CA}.Ad-Hoc|x64.Deploy.0 = Release|Any CPU
		{1EE9766C-D0BD-4DEC-A6C0-6460625A85CA}.Ad-Hoc|x86.ActiveCfg = Release|Any CPU
		{1EE9766C-D0BD-4DEC-A6C0-6460625A85CA}.Ad-Hoc|x86.Build.0 = Release|Any CPU
		{1EE9766C-D0BD-4DEC-A6C0-6460625A85CA}.Ad-Hoc|x86.Deploy.0 = Release|Any CPU
		{1EE9766C-D0BD-4DEC-A6C0-6460625A85CA}.AppStore|Any CPU.ActiveCfg = Release|Any CPU
		{1EE9766C-D0BD-4DEC-A6C0-6460625A85CA}.AppStore|Any CPU.Build.0 = Release|Any CPU
		{1EE9766C-D0BD-4DEC-A6C0-6460625A85CA}.AppStore|Any CPU.Deploy.0 = Release|Any CPU
		{1EE9766C-D0BD-4DEC-A6C0-6460625A85CA}.AppStore|ARM.ActiveCfg = Release|Any CPU
		{1EE9766C-D0BD-4DEC-A6C0-6460625A85CA}.AppStore|ARM.Build.0 = Release|Any CPU
		{1EE9766C-D0BD-4DEC-A6C0-6460625A85CA}.AppStore|ARM.Deploy.0 = Release|Any CPU
		{1EE9766C-D0BD-4DEC-A6C0-6460625A85CA}.AppStore|iPhone.ActiveCfg = Release|Any CPU
		{1EE9766C-D0BD-4DEC-A6C0-6460625A85CA}.AppStore|iPhone.Build.0 = Release|Any CPU
		{1EE9766C-D0BD-4DEC-A6C0-6460625A85CA}.AppStore|iPhone.Deploy.0 = Release|Any CPU
		{1EE9766C-D0BD-4DEC-A6C0-6460625A85CA}.AppStore|iPhoneSimulator.ActiveCfg = Release|Any CPU
		{1EE9766C-D0BD-4DEC-A6C0-6460625A85CA}.AppStore|iPhoneSimulator.Build.0 = Release|Any CPU
		{1EE9766C-D0BD-4DEC-A6C0-6460625A85CA}.AppStore|iPhoneSimulator.Deploy.0 = Release|Any CPU
		{1EE9766C-D0BD-4DEC-A6C0-6460625A85CA}.AppStore|x64.ActiveCfg = Release|Any CPU
		{1EE9766C-D0BD-4DEC-A6C0-6460625A85CA}.AppStore|x64.Build.0 = Release|Any CPU
		{1EE9766C-D0BD-4DEC-A6C0-6460625A85CA}.AppStore|x64.Deploy.0 = Release|Any CPU
		{1EE9766C-D0BD-4DEC-A6C0-6460625A85CA}.AppStore|x86.ActiveCfg = Release|Any CPU
		{1EE9766C-D0BD-4DEC-A6C0-6460625A85CA}.AppStore|x86.Build.0 = Release|Any CPU
		{1EE9766C-D0BD-4DEC-A6C0-6460625A85CA}.AppStore|x86.Deploy.0 = Release|Any CPU
		{1EE9766C-D0BD-4DEC-A6C0-6460625A85CA}.Debug|Any CPU.ActiveCfg = Debug|Any CPU
		{1EE9766C-D0BD-4DEC-A6C0-6460625A85CA}.Debug|Any CPU.Build.0 = Debug|Any CPU
		{1EE9766C-D0BD-4DEC-A6C0-6460625A85CA}.Debug|Any CPU.Deploy.0 = Debug|Any CPU
		{1EE9766C-D0BD-4DEC-A6C0-6460625A85CA}.Debug|ARM.ActiveCfg = Debug|Any CPU
		{1EE9766C-D0BD-4DEC-A6C0-6460625A85CA}.Debug|ARM.Build.0 = Debug|Any CPU
		{1EE9766C-D0BD-4DEC-A6C0-6460625A85CA}.Debug|ARM.Deploy.0 = Debug|Any CPU
		{1EE9766C-D0BD-4DEC-A6C0-6460625A85CA}.Debug|iPhone.ActiveCfg = Debug|Any CPU
		{1EE9766C-D0BD-4DEC-A6C0-6460625A85CA}.Debug|iPhone.Build.0 = Debug|Any CPU
		{1EE9766C-D0BD-4DEC-A6C0-6460625A85CA}.Debug|iPhone.Deploy.0 = Debug|Any CPU
		{1EE9766C-D0BD-4DEC-A6C0-6460625A85CA}.Debug|iPhoneSimulator.ActiveCfg = Debug|Any CPU
		{1EE9766C-D0BD-4DEC-A6C0-6460625A85CA}.Debug|iPhoneSimulator.Build.0 = Debug|Any CPU
		{1EE9766C-D0BD-4DEC-A6C0-6460625A85CA}.Debug|iPhoneSimulator.Deploy.0 = Debug|Any CPU
		{1EE9766C-D0BD-4DEC-A6C0-6460625A85CA}.Debug|x64.ActiveCfg = Debug|Any CPU
		{1EE9766C-D0BD-4DEC-A6C0-6460625A85CA}.Debug|x64.Build.0 = Debug|Any CPU
		{1EE9766C-D0BD-4DEC-A6C0-6460625A85CA}.Debug|x64.Deploy.0 = Debug|Any CPU
		{1EE9766C-D0BD-4DEC-A6C0-6460625A85CA}.Debug|x86.ActiveCfg = Debug|Any CPU
		{1EE9766C-D0BD-4DEC-A6C0-6460625A85CA}.Debug|x86.Build.0 = Debug|Any CPU
		{1EE9766C-D0BD-4DEC-A6C0-6460625A85CA}.Debug|x86.Deploy.0 = Debug|Any CPU
		{1EE9766C-D0BD-4DEC-A6C0-6460625A85CA}.Release|Any CPU.ActiveCfg = Release|Any CPU
		{1EE9766C-D0BD-4DEC-A6C0-6460625A85CA}.Release|Any CPU.Build.0 = Release|Any CPU
		{1EE9766C-D0BD-4DEC-A6C0-6460625A85CA}.Release|Any CPU.Deploy.0 = Release|Any CPU
		{1EE9766C-D0BD-4DEC-A6C0-6460625A85CA}.Release|ARM.ActiveCfg = Release|Any CPU
		{1EE9766C-D0BD-4DEC-A6C0-6460625A85CA}.Release|ARM.Build.0 = Release|Any CPU
		{1EE9766C-D0BD-4DEC-A6C0-6460625A85CA}.Release|ARM.Deploy.0 = Release|Any CPU
		{1EE9766C-D0BD-4DEC-A6C0-6460625A85CA}.Release|iPhone.ActiveCfg = Release|Any CPU
		{1EE9766C-D0BD-4DEC-A6C0-6460625A85CA}.Release|iPhone.Build.0 = Release|Any CPU
		{1EE9766C-D0BD-4DEC-A6C0-6460625A85CA}.Release|iPhone.Deploy.0 = Release|Any CPU
		{1EE9766C-D0BD-4DEC-A6C0-6460625A85CA}.Release|iPhoneSimulator.ActiveCfg = Release|Any CPU
		{1EE9766C-D0BD-4DEC-A6C0-6460625A85CA}.Release|iPhoneSimulator.Build.0 = Release|Any CPU
		{1EE9766C-D0BD-4DEC-A6C0-6460625A85CA}.Release|iPhoneSimulator.Deploy.0 = Release|Any CPU
		{1EE9766C-D0BD-4DEC-A6C0-6460625A85CA}.Release|x64.ActiveCfg = Release|Any CPU
		{1EE9766C-D0BD-4DEC-A6C0-6460625A85CA}.Release|x64.Build.0 = Release|Any CPU
		{1EE9766C-D0BD-4DEC-A6C0-6460625A85CA}.Release|x64.Deploy.0 = Release|Any CPU
		{1EE9766C-D0BD-4DEC-A6C0-6460625A85CA}.Release|x86.ActiveCfg = Release|Any CPU
		{1EE9766C-D0BD-4DEC-A6C0-6460625A85CA}.Release|x86.Build.0 = Release|Any CPU
		{1EE9766C-D0BD-4DEC-A6C0-6460625A85CA}.Release|x86.Deploy.0 = Release|Any CPU
		{7ED7CC28-2561-44DE-B5EB-41FDC0591681}.Ad-Hoc|Any CPU.ActiveCfg = Release|Any CPU
		{7ED7CC28-2561-44DE-B5EB-41FDC0591681}.Ad-Hoc|Any CPU.Build.0 = Release|Any CPU
		{7ED7CC28-2561-44DE-B5EB-41FDC0591681}.Ad-Hoc|ARM.ActiveCfg = Release|Any CPU
		{7ED7CC28-2561-44DE-B5EB-41FDC0591681}.Ad-Hoc|ARM.Build.0 = Release|Any CPU
		{7ED7CC28-2561-44DE-B5EB-41FDC0591681}.Ad-Hoc|iPhone.ActiveCfg = Release|Any CPU
		{7ED7CC28-2561-44DE-B5EB-41FDC0591681}.Ad-Hoc|iPhone.Build.0 = Release|Any CPU
		{7ED7CC28-2561-44DE-B5EB-41FDC0591681}.Ad-Hoc|iPhoneSimulator.ActiveCfg = Release|Any CPU
		{7ED7CC28-2561-44DE-B5EB-41FDC0591681}.Ad-Hoc|iPhoneSimulator.Build.0 = Release|Any CPU
		{7ED7CC28-2561-44DE-B5EB-41FDC0591681}.Ad-Hoc|x64.ActiveCfg = Release|Any CPU
		{7ED7CC28-2561-44DE-B5EB-41FDC0591681}.Ad-Hoc|x64.Build.0 = Release|Any CPU
		{7ED7CC28-2561-44DE-B5EB-41FDC0591681}.Ad-Hoc|x86.ActiveCfg = Release|Any CPU
		{7ED7CC28-2561-44DE-B5EB-41FDC0591681}.Ad-Hoc|x86.Build.0 = Release|Any CPU
		{7ED7CC28-2561-44DE-B5EB-41FDC0591681}.AppStore|Any CPU.ActiveCfg = Release|Any CPU
		{7ED7CC28-2561-44DE-B5EB-41FDC0591681}.AppStore|Any CPU.Build.0 = Release|Any CPU
		{7ED7CC28-2561-44DE-B5EB-41FDC0591681}.AppStore|ARM.ActiveCfg = Release|Any CPU
		{7ED7CC28-2561-44DE-B5EB-41FDC0591681}.AppStore|ARM.Build.0 = Release|Any CPU
		{7ED7CC28-2561-44DE-B5EB-41FDC0591681}.AppStore|iPhone.ActiveCfg = Release|Any CPU
		{7ED7CC28-2561-44DE-B5EB-41FDC0591681}.AppStore|iPhone.Build.0 = Release|Any CPU
		{7ED7CC28-2561-44DE-B5EB-41FDC0591681}.AppStore|iPhoneSimulator.ActiveCfg = Release|Any CPU
		{7ED7CC28-2561-44DE-B5EB-41FDC0591681}.AppStore|iPhoneSimulator.Build.0 = Release|Any CPU
		{7ED7CC28-2561-44DE-B5EB-41FDC0591681}.AppStore|x64.ActiveCfg = Release|Any CPU
		{7ED7CC28-2561-44DE-B5EB-41FDC0591681}.AppStore|x64.Build.0 = Release|Any CPU
		{7ED7CC28-2561-44DE-B5EB-41FDC0591681}.AppStore|x86.ActiveCfg = Release|Any CPU
		{7ED7CC28-2561-44DE-B5EB-41FDC0591681}.AppStore|x86.Build.0 = Release|Any CPU
		{7ED7CC28-2561-44DE-B5EB-41FDC0591681}.Debug|Any CPU.ActiveCfg = Debug|Any CPU
		{7ED7CC28-2561-44DE-B5EB-41FDC0591681}.Debug|Any CPU.Build.0 = Debug|Any CPU
		{7ED7CC28-2561-44DE-B5EB-41FDC0591681}.Debug|ARM.ActiveCfg = Debug|Any CPU
		{7ED7CC28-2561-44DE-B5EB-41FDC0591681}.Debug|ARM.Build.0 = Debug|Any CPU
		{7ED7CC28-2561-44DE-B5EB-41FDC0591681}.Debug|iPhone.ActiveCfg = Debug|Any CPU
		{7ED7CC28-2561-44DE-B5EB-41FDC0591681}.Debug|iPhone.Build.0 = Debug|Any CPU
		{7ED7CC28-2561-44DE-B5EB-41FDC0591681}.Debug|iPhoneSimulator.ActiveCfg = Debug|Any CPU
		{7ED7CC28-2561-44DE-B5EB-41FDC0591681}.Debug|iPhoneSimulator.Build.0 = Debug|Any CPU
		{7ED7CC28-2561-44DE-B5EB-41FDC0591681}.Debug|x64.ActiveCfg = Debug|Any CPU
		{7ED7CC28-2561-44DE-B5EB-41FDC0591681}.Debug|x64.Build.0 = Debug|Any CPU
		{7ED7CC28-2561-44DE-B5EB-41FDC0591681}.Debug|x86.ActiveCfg = Debug|Any CPU
		{7ED7CC28-2561-44DE-B5EB-41FDC0591681}.Debug|x86.Build.0 = Debug|Any CPU
		{7ED7CC28-2561-44DE-B5EB-41FDC0591681}.Release|Any CPU.ActiveCfg = Release|Any CPU
		{7ED7CC28-2561-44DE-B5EB-41FDC0591681}.Release|Any CPU.Build.0 = Release|Any CPU
		{7ED7CC28-2561-44DE-B5EB-41FDC0591681}.Release|ARM.ActiveCfg = Release|Any CPU
		{7ED7CC28-2561-44DE-B5EB-41FDC0591681}.Release|ARM.Build.0 = Release|Any CPU
		{7ED7CC28-2561-44DE-B5EB-41FDC0591681}.Release|iPhone.ActiveCfg = Release|Any CPU
		{7ED7CC28-2561-44DE-B5EB-41FDC0591681}.Release|iPhone.Build.0 = Release|Any CPU
		{7ED7CC28-2561-44DE-B5EB-41FDC0591681}.Release|iPhoneSimulator.ActiveCfg = Release|Any CPU
		{7ED7CC28-2561-44DE-B5EB-41FDC0591681}.Release|iPhoneSimulator.Build.0 = Release|Any CPU
		{7ED7CC28-2561-44DE-B5EB-41FDC0591681}.Release|x64.ActiveCfg = Release|Any CPU
		{7ED7CC28-2561-44DE-B5EB-41FDC0591681}.Release|x64.Build.0 = Release|Any CPU
		{7ED7CC28-2561-44DE-B5EB-41FDC0591681}.Release|x86.ActiveCfg = Release|Any CPU
		{7ED7CC28-2561-44DE-B5EB-41FDC0591681}.Release|x86.Build.0 = Release|Any CPU
		{EDD4A8DA-84BD-4B27-AEB7-CE7754137C46}.Ad-Hoc|Any CPU.ActiveCfg = Release|x86
		{EDD4A8DA-84BD-4B27-AEB7-CE7754137C46}.Ad-Hoc|Any CPU.Build.0 = Release|x86
		{EDD4A8DA-84BD-4B27-AEB7-CE7754137C46}.Ad-Hoc|Any CPU.Deploy.0 = Release|x86
		{EDD4A8DA-84BD-4B27-AEB7-CE7754137C46}.Ad-Hoc|ARM.ActiveCfg = Release|ARM
		{EDD4A8DA-84BD-4B27-AEB7-CE7754137C46}.Ad-Hoc|ARM.Build.0 = Release|ARM
		{EDD4A8DA-84BD-4B27-AEB7-CE7754137C46}.Ad-Hoc|ARM.Deploy.0 = Release|ARM
		{EDD4A8DA-84BD-4B27-AEB7-CE7754137C46}.Ad-Hoc|iPhone.ActiveCfg = Release|x86
		{EDD4A8DA-84BD-4B27-AEB7-CE7754137C46}.Ad-Hoc|iPhone.Build.0 = Release|x86
		{EDD4A8DA-84BD-4B27-AEB7-CE7754137C46}.Ad-Hoc|iPhone.Deploy.0 = Release|x86
		{EDD4A8DA-84BD-4B27-AEB7-CE7754137C46}.Ad-Hoc|iPhoneSimulator.ActiveCfg = Release|x86
		{EDD4A8DA-84BD-4B27-AEB7-CE7754137C46}.Ad-Hoc|iPhoneSimulator.Build.0 = Release|x86
		{EDD4A8DA-84BD-4B27-AEB7-CE7754137C46}.Ad-Hoc|iPhoneSimulator.Deploy.0 = Release|x86
		{EDD4A8DA-84BD-4B27-AEB7-CE7754137C46}.Ad-Hoc|x64.ActiveCfg = Release|x64
		{EDD4A8DA-84BD-4B27-AEB7-CE7754137C46}.Ad-Hoc|x64.Build.0 = Release|x64
		{EDD4A8DA-84BD-4B27-AEB7-CE7754137C46}.Ad-Hoc|x64.Deploy.0 = Release|x64
		{EDD4A8DA-84BD-4B27-AEB7-CE7754137C46}.Ad-Hoc|x86.ActiveCfg = Release|x86
		{EDD4A8DA-84BD-4B27-AEB7-CE7754137C46}.Ad-Hoc|x86.Build.0 = Release|x86
		{EDD4A8DA-84BD-4B27-AEB7-CE7754137C46}.Ad-Hoc|x86.Deploy.0 = Release|x86
		{EDD4A8DA-84BD-4B27-AEB7-CE7754137C46}.AppStore|Any CPU.ActiveCfg = Release|x86
		{EDD4A8DA-84BD-4B27-AEB7-CE7754137C46}.AppStore|Any CPU.Build.0 = Release|x86
		{EDD4A8DA-84BD-4B27-AEB7-CE7754137C46}.AppStore|Any CPU.Deploy.0 = Release|x86
		{EDD4A8DA-84BD-4B27-AEB7-CE7754137C46}.AppStore|ARM.ActiveCfg = Release|ARM
		{EDD4A8DA-84BD-4B27-AEB7-CE7754137C46}.AppStore|ARM.Build.0 = Release|ARM
		{EDD4A8DA-84BD-4B27-AEB7-CE7754137C46}.AppStore|ARM.Deploy.0 = Release|ARM
		{EDD4A8DA-84BD-4B27-AEB7-CE7754137C46}.AppStore|iPhone.ActiveCfg = Release|x86
		{EDD4A8DA-84BD-4B27-AEB7-CE7754137C46}.AppStore|iPhone.Build.0 = Release|x86
		{EDD4A8DA-84BD-4B27-AEB7-CE7754137C46}.AppStore|iPhone.Deploy.0 = Release|x86
		{EDD4A8DA-84BD-4B27-AEB7-CE7754137C46}.AppStore|iPhoneSimulator.ActiveCfg = Release|x86
		{EDD4A8DA-84BD-4B27-AEB7-CE7754137C46}.AppStore|iPhoneSimulator.Build.0 = Release|x86
		{EDD4A8DA-84BD-4B27-AEB7-CE7754137C46}.AppStore|iPhoneSimulator.Deploy.0 = Release|x86
		{EDD4A8DA-84BD-4B27-AEB7-CE7754137C46}.AppStore|x64.ActiveCfg = Release|x64
		{EDD4A8DA-84BD-4B27-AEB7-CE7754137C46}.AppStore|x64.Build.0 = Release|x64
		{EDD4A8DA-84BD-4B27-AEB7-CE7754137C46}.AppStore|x64.Deploy.0 = Release|x64
		{EDD4A8DA-84BD-4B27-AEB7-CE7754137C46}.AppStore|x86.ActiveCfg = Release|x86
		{EDD4A8DA-84BD-4B27-AEB7-CE7754137C46}.AppStore|x86.Build.0 = Release|x86
		{EDD4A8DA-84BD-4B27-AEB7-CE7754137C46}.AppStore|x86.Deploy.0 = Release|x86
		{EDD4A8DA-84BD-4B27-AEB7-CE7754137C46}.Debug|Any CPU.ActiveCfg = Debug|x86
		{EDD4A8DA-84BD-4B27-AEB7-CE7754137C46}.Debug|ARM.ActiveCfg = Debug|ARM
		{EDD4A8DA-84BD-4B27-AEB7-CE7754137C46}.Debug|ARM.Build.0 = Debug|ARM
		{EDD4A8DA-84BD-4B27-AEB7-CE7754137C46}.Debug|ARM.Deploy.0 = Debug|ARM
		{EDD4A8DA-84BD-4B27-AEB7-CE7754137C46}.Debug|iPhone.ActiveCfg = Debug|x86
		{EDD4A8DA-84BD-4B27-AEB7-CE7754137C46}.Debug|iPhoneSimulator.ActiveCfg = Debug|x86
		{EDD4A8DA-84BD-4B27-AEB7-CE7754137C46}.Debug|x64.ActiveCfg = Debug|x64
		{EDD4A8DA-84BD-4B27-AEB7-CE7754137C46}.Debug|x64.Build.0 = Debug|x64
		{EDD4A8DA-84BD-4B27-AEB7-CE7754137C46}.Debug|x64.Deploy.0 = Debug|x64
		{EDD4A8DA-84BD-4B27-AEB7-CE7754137C46}.Debug|x86.ActiveCfg = Debug|x86
		{EDD4A8DA-84BD-4B27-AEB7-CE7754137C46}.Debug|x86.Build.0 = Debug|x86
		{EDD4A8DA-84BD-4B27-AEB7-CE7754137C46}.Debug|x86.Deploy.0 = Debug|x86
		{EDD4A8DA-84BD-4B27-AEB7-CE7754137C46}.Release|Any CPU.ActiveCfg = Release|x86
		{EDD4A8DA-84BD-4B27-AEB7-CE7754137C46}.Release|ARM.ActiveCfg = Release|ARM
		{EDD4A8DA-84BD-4B27-AEB7-CE7754137C46}.Release|ARM.Build.0 = Release|ARM
		{EDD4A8DA-84BD-4B27-AEB7-CE7754137C46}.Release|ARM.Deploy.0 = Release|ARM
		{EDD4A8DA-84BD-4B27-AEB7-CE7754137C46}.Release|iPhone.ActiveCfg = Release|x86
		{EDD4A8DA-84BD-4B27-AEB7-CE7754137C46}.Release|iPhoneSimulator.ActiveCfg = Release|x86
		{EDD4A8DA-84BD-4B27-AEB7-CE7754137C46}.Release|x64.ActiveCfg = Release|x64
		{EDD4A8DA-84BD-4B27-AEB7-CE7754137C46}.Release|x64.Build.0 = Release|x64
		{EDD4A8DA-84BD-4B27-AEB7-CE7754137C46}.Release|x64.Deploy.0 = Release|x64
		{EDD4A8DA-84BD-4B27-AEB7-CE7754137C46}.Release|x86.ActiveCfg = Release|x86
		{EDD4A8DA-84BD-4B27-AEB7-CE7754137C46}.Release|x86.Build.0 = Release|x86
		{EDD4A8DA-84BD-4B27-AEB7-CE7754137C46}.Release|x86.Deploy.0 = Release|x86
		{5A34FC7D-28E2-4048-957E-57C68E8BA809}.Ad-Hoc|Any CPU.ActiveCfg = Ad-Hoc|iPhone
		{5A34FC7D-28E2-4048-957E-57C68E8BA809}.Ad-Hoc|ARM.ActiveCfg = Ad-Hoc|iPhone
		{5A34FC7D-28E2-4048-957E-57C68E8BA809}.Ad-Hoc|iPhone.ActiveCfg = Ad-Hoc|iPhone
		{5A34FC7D-28E2-4048-957E-57C68E8BA809}.Ad-Hoc|iPhone.Build.0 = Ad-Hoc|iPhone
		{5A34FC7D-28E2-4048-957E-57C68E8BA809}.Ad-Hoc|iPhoneSimulator.ActiveCfg = Ad-Hoc|iPhoneSimulator
		{5A34FC7D-28E2-4048-957E-57C68E8BA809}.Ad-Hoc|iPhoneSimulator.Build.0 = Ad-Hoc|iPhoneSimulator
		{5A34FC7D-28E2-4048-957E-57C68E8BA809}.Ad-Hoc|x64.ActiveCfg = Ad-Hoc|iPhone
		{5A34FC7D-28E2-4048-957E-57C68E8BA809}.Ad-Hoc|x86.ActiveCfg = Ad-Hoc|iPhone
		{5A34FC7D-28E2-4048-957E-57C68E8BA809}.AppStore|Any CPU.ActiveCfg = AppStore|iPhone
		{5A34FC7D-28E2-4048-957E-57C68E8BA809}.AppStore|ARM.ActiveCfg = AppStore|iPhone
		{5A34FC7D-28E2-4048-957E-57C68E8BA809}.AppStore|iPhone.ActiveCfg = AppStore|iPhone
		{5A34FC7D-28E2-4048-957E-57C68E8BA809}.AppStore|iPhone.Build.0 = AppStore|iPhone
		{5A34FC7D-28E2-4048-957E-57C68E8BA809}.AppStore|iPhoneSimulator.ActiveCfg = AppStore|iPhoneSimulator
		{5A34FC7D-28E2-4048-957E-57C68E8BA809}.AppStore|iPhoneSimulator.Build.0 = AppStore|iPhoneSimulator
		{5A34FC7D-28E2-4048-957E-57C68E8BA809}.AppStore|x64.ActiveCfg = AppStore|iPhone
		{5A34FC7D-28E2-4048-957E-57C68E8BA809}.AppStore|x86.ActiveCfg = AppStore|iPhone
		{5A34FC7D-28E2-4048-957E-57C68E8BA809}.Debug|Any CPU.ActiveCfg = Debug|iPhone
		{5A34FC7D-28E2-4048-957E-57C68E8BA809}.Debug|ARM.ActiveCfg = Debug|iPhone
		{5A34FC7D-28E2-4048-957E-57C68E8BA809}.Debug|iPhone.ActiveCfg = Debug|iPhone
		{5A34FC7D-28E2-4048-957E-57C68E8BA809}.Debug|iPhone.Build.0 = Debug|iPhone
		{5A34FC7D-28E2-4048-957E-57C68E8BA809}.Debug|iPhoneSimulator.ActiveCfg = Debug|iPhoneSimulator
		{5A34FC7D-28E2-4048-957E-57C68E8BA809}.Debug|iPhoneSimulator.Build.0 = Debug|iPhoneSimulator
		{5A34FC7D-28E2-4048-957E-57C68E8BA809}.Debug|x64.ActiveCfg = Debug|iPhone
		{5A34FC7D-28E2-4048-957E-57C68E8BA809}.Debug|x86.ActiveCfg = Debug|iPhoneSimulator
		{5A34FC7D-28E2-4048-957E-57C68E8BA809}.Release|Any CPU.ActiveCfg = Release|iPhone
		{5A34FC7D-28E2-4048-957E-57C68E8BA809}.Release|ARM.ActiveCfg = Release|iPhone
		{5A34FC7D-28E2-4048-957E-57C68E8BA809}.Release|iPhone.ActiveCfg = Release|iPhone
		{5A34FC7D-28E2-4048-957E-57C68E8BA809}.Release|iPhone.Build.0 = Release|iPhone
		{5A34FC7D-28E2-4048-957E-57C68E8BA809}.Release|iPhoneSimulator.ActiveCfg = Release|iPhoneSimulator
		{5A34FC7D-28E2-4048-957E-57C68E8BA809}.Release|iPhoneSimulator.Build.0 = Release|iPhoneSimulator
		{5A34FC7D-28E2-4048-957E-57C68E8BA809}.Release|x64.ActiveCfg = Release|iPhone
		{5A34FC7D-28E2-4048-957E-57C68E8BA809}.Release|x86.ActiveCfg = Release|iPhone
	EndGlobalSection
	GlobalSection(SolutionProperties) = preSolution
		HideSolutionNode = FALSE
	EndGlobalSection
	GlobalSection(NestedProjects) = preSolution
		{29D7C2E8-D844-4670-85CC-BFB2469BD847} = {2BB5C516-D933-427B-9E7C-5D7E9A4D58BE}
		{1EE9766C-D0BD-4DEC-A6C0-6460625A85CA} = {84D38C2F-5BA6-40DE-9F6D-7AF3D2CE14EE}
		{7ED7CC28-2561-44DE-B5EB-41FDC0591681} = {84D38C2F-5BA6-40DE-9F6D-7AF3D2CE14EE}
		{EDD4A8DA-84BD-4B27-AEB7-CE7754137C46} = {84D38C2F-5BA6-40DE-9F6D-7AF3D2CE14EE}
		{5A34FC7D-28E2-4048-957E-57C68E8BA809} = {84D38C2F-5BA6-40DE-9F6D-7AF3D2CE14EE}
	EndGlobalSection
EndGlobal
